
Microsoft Visual Studio Solution File, Format Version 12.00
# Visual Studio Version 17
VisualStudioVersion = 17.10.35122.118
MinimumVisualStudioVersion = 10.0.40219.1
Project("{FAE04EC0-301F-11D3-BF4B-00C04F79EFBC}") = "ConsoleApp10", "ConsoleApp10.csproj", "{E915ED57-E895-4039-B71F-0DE6B9B0AE57}"
EndProject
Global
	GlobalSection(SolutionConfigurationPlatforms) = preSolution
		Debug|Any CPU = Debug|Any CPU
		Release|Any CPU = Release|Any CPU
	EndGlobalSection
	GlobalSection(ProjectConfigurationPlatforms) = postSolution
		{E915ED57-E895-4039-B71F-0DE6B9B0AE57}.Debug|Any CPU.ActiveCfg = Debug|Any CPU
		{E915ED57-E895-4039-B71F-0DE6B9B0AE57}.Debug|Any CPU.Build.0 = Debug|Any CPU
		{E915ED57-E895-4039-B71F-0DE6B9B0AE57}.Release|Any CPU.ActiveCfg = Release|Any CPU
		{E915ED57-E895-4039-B71F-0DE6B9B0AE57}.Release|Any CPU.Build.0 = Release|Any CPU
	EndGlobalSection
	GlobalSection(SolutionProperties) = preSolution
		HideSolutionNode = FALSE
	EndGlobalSection
	GlobalSection(ExtensibilityGlobals) = postSolution
		SolutionGuid = {848FFD20-8F63-4CA8-AD80-00E12E54B283}
	EndGlobalSection
EndGlobal
